
Microsoft Visual Studio Solution File, Format Version 12.00
# Visual Studio Version 17
VisualStudioVersion = 17.11.35303.130
MinimumVisualStudioVersion = 10.0.40219.1
Project("{FAE04EC0-301F-11D3-BF4B-00C04F79EFBC}") = "remember-helper", "remember-helper.csproj", "{B4EAD96E-A1E1-4471-A5E3-AC46C1735A74}"
EndProject
Global
	GlobalSection(SolutionConfigurationPlatforms) = preSolution
		Debug|Any CPU = Debug|Any CPU
		Release|Any CPU = Release|Any CPU
	EndGlobalSection
	GlobalSection(ProjectConfigurationPlatforms) = postSolution
		{B4EAD96E-A1E1-4471-A5E3-AC46C1735A74}.Debug|Any CPU.ActiveCfg = Debug|Any CPU
		{B4EAD96E-A1E1-4471-A5E3-AC46C1735A74}.Debug|Any CPU.Build.0 = Debug|Any CPU
		{B4EAD96E-A1E1-4471-A5E3-AC46C1735A74}.Release|Any CPU.ActiveCfg = Release|Any CPU
		{B4EAD96E-A1E1-4471-A5E3-AC46C1735A74}.Release|Any CPU.Build.0 = Release|Any CPU
	EndGlobalSection
	GlobalSection(SolutionProperties) = preSolution
		HideSolutionNode = FALSE
	EndGlobalSection
	GlobalSection(ExtensibilityGlobals) = postSolution
		SolutionGuid = {DD49EFBF-1E46-4137-AE53-E264BD00A4A4}
	EndGlobalSection
EndGlobal
